
Microsoft Visual Studio Solution File, Format Version 12.00
# Visual Studio 15
VisualStudioVersion = 15.0.27703.2035
MinimumVisualStudioVersion = 10.0.40219.1
Project("{FAE04EC0-301F-11D3-BF4B-00C04F79EFBC}") = "WebApplication1", "WebApplication1\WebApplication1.csproj", "{948914BB-E400-4339-A82C-16919CBD92C6}"
EndProject
Project("{FAE04EC0-301F-11D3-BF4B-00C04F79EFBC}") = "ClassLibrary1", "ClassLibrary1\ClassLibrary1.csproj", "{A267CFC7-7092-49FD-807B-67051E769E46}"
EndProject
Global
	GlobalSection(SolutionConfigurationPlatforms) = preSolution
		Debug|Any CPU = Debug|Any CPU
		Release|Any CPU = Release|Any CPU
	EndGlobalSection
	GlobalSection(ProjectConfigurationPlatforms) = postSolution
		{948914BB-E400-4339-A82C-16919CBD92C6}.Debug|Any CPU.ActiveCfg = Debug|Any CPU
		{948914BB-E400-4339-A82C-16919CBD92C6}.Debug|Any CPU.Build.0 = Debug|Any CPU
		{948914BB-E400-4339-A82C-16919CBD92C6}.Release|Any CPU.ActiveCfg = Release|Any CPU
		{948914BB-E400-4339-A82C-16919CBD92C6}.Release|Any CPU.Build.0 = Release|Any CPU
		{A267CFC7-7092-49FD-807B-67051E769E46}.Debug|Any CPU.ActiveCfg = Debug|Any CPU
		{A267CFC7-7092-49FD-807B-67051E769E46}.Debug|Any CPU.Build.0 = Debug|Any CPU
		{A267CFC7-7092-49FD-807B-67051E769E46}.Release|Any CPU.ActiveCfg = Release|Any CPU
		{A267CFC7-7092-49FD-807B-67051E769E46}.Release|Any CPU.Build.0 = Release|Any CPU
	EndGlobalSection
	GlobalSection(SolutionProperties) = preSolution
		HideSolutionNode = FALSE
	EndGlobalSection
	GlobalSection(ExtensibilityGlobals) = postSolution
		SolutionGuid = {058121CF-A918-4396-AB1B-FDF81F69798F}
	EndGlobalSection
EndGlobal
